// !$*UTF8*$!
{
	archiveVersion = 1;
	classes = {
	};
	objectVersion = 51;
	objects = {

/* Begin PBXBuildFile section */
		1D2643A8265A87B800B70A27 /* ExerciseCamViewController.swift in Sources */ = {isa = PBXBuildFile; fileRef = 1D2643A7265A87B800B70A27 /* ExerciseCamViewController.swift */; };
		1D2643AC265BB16100B70A27 /* Skeleton.swift in Sources */ = {isa = PBXBuildFile; fileRef = 1D2643AB265BB16100B70A27 /* Skeleton.swift */; };
		1D5573702657E5FD00CBD418 /* Exercise.swift in Sources */ = {isa = PBXBuildFile; fileRef = 1D55736F2657E5FD00CBD418 /* Exercise.swift */; };
		1D5573732657E76400CBD418 /* SearchViewModel.swift in Sources */ = {isa = PBXBuildFile; fileRef = 1D5573722657E76400CBD418 /* SearchViewModel.swift */; };
		1D5573752657ED2800CBD418 /* Extensions.swift in Sources */ = {isa = PBXBuildFile; fileRef = 1D5573742657ED2800CBD418 /* Extensions.swift */; };
		1D5573772657EEC100CBD418 /* DetailViewModel.swift in Sources */ = {isa = PBXBuildFile; fileRef = 1D5573762657EEC100CBD418 /* DetailViewModel.swift */; };
		1D55737926589F1100CBD418 /* ExerciseReferenceViewController.swift in Sources */ = {isa = PBXBuildFile; fileRef = 1D55737826589F1100CBD418 /* ExerciseReferenceViewController.swift */; };
		1D55737C26590DB600CBD418 /* test.mp4 in Resources */ = {isa = PBXBuildFile; fileRef = 1D55737A26590B4700CBD418 /* test.mp4 */; };
		1D9543032641321B00D955C6 /* AppDelegate.swift in Sources */ = {isa = PBXBuildFile; fileRef = 1D9543022641321B00D955C6 /* AppDelegate.swift */; };
		1D9543052641321B00D955C6 /* SceneDelegate.swift in Sources */ = {isa = PBXBuildFile; fileRef = 1D9543042641321B00D955C6 /* SceneDelegate.swift */; };
		1D9543072641321B00D955C6 /* SearchViewController.swift in Sources */ = {isa = PBXBuildFile; fileRef = 1D9543062641321B00D955C6 /* SearchViewController.swift */; };
		1D95430A2641321B00D955C6 /* Main.storyboard in Resources */ = {isa = PBXBuildFile; fileRef = 1D9543082641321B00D955C6 /* Main.storyboard */; };
		1D95430C2641321C00D955C6 /* Assets.xcassets in Resources */ = {isa = PBXBuildFile; fileRef = 1D95430B2641321C00D955C6 /* Assets.xcassets */; };
		1D95430F2641321C00D955C6 /* LaunchScreen.storyboard in Resources */ = {isa = PBXBuildFile; fileRef = 1D95430D2641321C00D955C6 /* LaunchScreen.storyboard */; };
		1D95431826413A5200D955C6 /* UploadViewController.swift in Sources */ = {isa = PBXBuildFile; fileRef = 1D95431726413A5200D955C6 /* UploadViewController.swift */; };
		1DC59BD126527B7500A10623 /* DetailViewController.swift in Sources */ = {isa = PBXBuildFile; fileRef = 1DC59BD026527B7500A10623 /* DetailViewController.swift */; };
		1DD452F22652664A0002B545 /* Constants.swift in Sources */ = {isa = PBXBuildFile; fileRef = 1DD452F12652664A0002B545 /* Constants.swift */; };
		1DD93A612641511200FED9B5 /* ExerciseCollectionViewCell.swift in Sources */ = {isa = PBXBuildFile; fileRef = 1DD93A602641511200FED9B5 /* ExerciseCollectionViewCell.swift */; };
		8323B504B27373137551734B /* Pods_PoC_UIKit.framework in Frameworks */ = {isa = PBXBuildFile; fileRef = 0BD75604143C1D392937F92B /* Pods_PoC_UIKit.framework */; };
/* End PBXBuildFile section */

/* Begin PBXFileReference section */
		0BD75604143C1D392937F92B /* Pods_PoC_UIKit.framework */ = {isa = PBXFileReference; explicitFileType = wrapper.framework; includeInIndex = 0; path = Pods_PoC_UIKit.framework; sourceTree = BUILT_PRODUCTS_DIR; };
		1D2643A7265A87B800B70A27 /* ExerciseCamViewController.swift */ = {isa = PBXFileReference; lastKnownFileType = sourcecode.swift; path = ExerciseCamViewController.swift; sourceTree = "<group>"; };
		1D2643AB265BB16100B70A27 /* Skeleton.swift */ = {isa = PBXFileReference; lastKnownFileType = sourcecode.swift; path = Skeleton.swift; sourceTree = "<group>"; };
		1D55736F2657E5FD00CBD418 /* Exercise.swift */ = {isa = PBXFileReference; lastKnownFileType = sourcecode.swift; path = Exercise.swift; sourceTree = "<group>"; };
		1D5573722657E76400CBD418 /* SearchViewModel.swift */ = {isa = PBXFileReference; lastKnownFileType = sourcecode.swift; path = SearchViewModel.swift; sourceTree = "<group>"; };
		1D5573742657ED2800CBD418 /* Extensions.swift */ = {isa = PBXFileReference; lastKnownFileType = sourcecode.swift; path = Extensions.swift; sourceTree = "<group>"; };
		1D5573762657EEC100CBD418 /* DetailViewModel.swift */ = {isa = PBXFileReference; lastKnownFileType = sourcecode.swift; path = DetailViewModel.swift; sourceTree = "<group>"; };
		1D55737826589F1100CBD418 /* ExerciseReferenceViewController.swift */ = {isa = PBXFileReference; lastKnownFileType = sourcecode.swift; path = ExerciseReferenceViewController.swift; sourceTree = "<group>"; };
		1D55737A26590B4700CBD418 /* test.mp4 */ = {isa = PBXFileReference; lastKnownFileType = file; path = test.mp4; sourceTree = "<group>"; };
		1D55737D265A68D200CBD418 /* PoC UIKit.entitlements */ = {isa = PBXFileReference; lastKnownFileType = text.plist.entitlements; path = "PoC UIKit.entitlements"; sourceTree = "<group>"; };
		1D9542FF2641321B00D955C6 /* PoC UIKit.app */ = {isa = PBXFileReference; explicitFileType = wrapper.application; includeInIndex = 0; path = "PoC UIKit.app"; sourceTree = BUILT_PRODUCTS_DIR; };
		1D9543022641321B00D955C6 /* AppDelegate.swift */ = {isa = PBXFileReference; lastKnownFileType = sourcecode.swift; path = AppDelegate.swift; sourceTree = "<group>"; };
		1D9543042641321B00D955C6 /* SceneDelegate.swift */ = {isa = PBXFileReference; lastKnownFileType = sourcecode.swift; path = SceneDelegate.swift; sourceTree = "<group>"; };
		1D9543062641321B00D955C6 /* SearchViewController.swift */ = {isa = PBXFileReference; lastKnownFileType = sourcecode.swift; path = SearchViewController.swift; sourceTree = "<group>"; };
		1D9543092641321B00D955C6 /* Base */ = {isa = PBXFileReference; lastKnownFileType = file.storyboard; name = Base; path = Base.lproj/Main.storyboard; sourceTree = "<group>"; };
		1D95430B2641321C00D955C6 /* Assets.xcassets */ = {isa = PBXFileReference; lastKnownFileType = folder.assetcatalog; path = Assets.xcassets; sourceTree = "<group>"; };
		1D95430E2641321C00D955C6 /* Base */ = {isa = PBXFileReference; lastKnownFileType = file.storyboard; name = Base; path = Base.lproj/LaunchScreen.storyboard; sourceTree = "<group>"; };
		1D9543102641321C00D955C6 /* Info.plist */ = {isa = PBXFileReference; lastKnownFileType = text.plist.xml; path = Info.plist; sourceTree = "<group>"; };
		1D95431726413A5200D955C6 /* UploadViewController.swift */ = {isa = PBXFileReference; lastKnownFileType = sourcecode.swift; path = UploadViewController.swift; sourceTree = "<group>"; };
		1DC59BD026527B7500A10623 /* DetailViewController.swift */ = {isa = PBXFileReference; lastKnownFileType = sourcecode.swift; path = DetailViewController.swift; sourceTree = "<group>"; };
		1DD452F12652664A0002B545 /* Constants.swift */ = {isa = PBXFileReference; lastKnownFileType = sourcecode.swift; path = Constants.swift; sourceTree = "<group>"; };
		1DD93A602641511200FED9B5 /* ExerciseCollectionViewCell.swift */ = {isa = PBXFileReference; lastKnownFileType = sourcecode.swift; path = ExerciseCollectionViewCell.swift; sourceTree = "<group>"; };
		1DDF6422C2A1A0CF62C25EC7 /* Pods-PoC UIKit.release.xcconfig */ = {isa = PBXFileReference; includeInIndex = 1; lastKnownFileType = text.xcconfig; name = "Pods-PoC UIKit.release.xcconfig"; path = "Target Support Files/Pods-PoC UIKit/Pods-PoC UIKit.release.xcconfig"; sourceTree = "<group>"; };
		3092FF3388A999A45C04EA84 /* Pods-PoC UIKit.debug.xcconfig */ = {isa = PBXFileReference; includeInIndex = 1; lastKnownFileType = text.xcconfig; name = "Pods-PoC UIKit.debug.xcconfig"; path = "Target Support Files/Pods-PoC UIKit/Pods-PoC UIKit.debug.xcconfig"; sourceTree = "<group>"; };
/* End PBXFileReference section */

/* Begin PBXFrameworksBuildPhase section */
		1D9542FC2641321B00D955C6 /* Frameworks */ = {
			isa = PBXFrameworksBuildPhase;
			buildActionMask = 2147483647;
			files = (
				8323B504B27373137551734B /* Pods_PoC_UIKit.framework in Frameworks */,
			);
			runOnlyForDeploymentPostprocessing = 0;
		};
/* End PBXFrameworksBuildPhase section */

/* Begin PBXGroup section */
		1D5573712657E75500CBD418 /* ViewModel */ = {
			isa = PBXGroup;
			children = (
				1D5573722657E76400CBD418 /* SearchViewModel.swift */,
				1D5573762657EEC100CBD418 /* DetailViewModel.swift */,
			);
			path = ViewModel;
			sourceTree = "<group>";
		};
		1D55737B26590C4000CBD418 /* Video */ = {
			isa = PBXGroup;
			children = (
				1D55737A26590B4700CBD418 /* test.mp4 */,
			);
			name = Video;
			path = ..;
			sourceTree = "<group>";
		};
		1D9542F62641321B00D955C6 = {
			isa = PBXGroup;
			children = (
				1D9543012641321B00D955C6 /* PoC UIKit */,
				1D9543002641321B00D955C6 /* Products */,
				796F0C37F14BC7C23A040C67 /* Pods */,
				BDD031C86781AD86EB86758C /* Frameworks */,
			);
			sourceTree = "<group>";
		};
		1D9543002641321B00D955C6 /* Products */ = {
			isa = PBXGroup;
			children = (
				1D9542FF2641321B00D955C6 /* PoC UIKit.app */,
			);
			name = Products;
			sourceTree = "<group>";
		};
		1D9543012641321B00D955C6 /* PoC UIKit */ = {
			isa = PBXGroup;
			children = (
				1D55737D265A68D200CBD418 /* PoC UIKit.entitlements */,
				1D55737B26590C4000CBD418 /* Video */,
				1DC59BCF265278ED00A10623 /* Model */,
				1DD452F0265266350002B545 /* Utils */,
				1DD93A5F264150F100FED9B5 /* View */,
				1D5573712657E75500CBD418 /* ViewModel */,
				1D95431D26413A8100D955C6 /* ViewController */,
				1D95431C26413A7300D955C6 /* App */,
				1D9543102641321C00D955C6 /* Info.plist */,
				1D95430B2641321C00D955C6 /* Assets.xcassets */,
			);
			path = "PoC UIKit";
			sourceTree = "<group>";
		};
		1D95431C26413A7300D955C6 /* App */ = {
			isa = PBXGroup;
			children = (
				1D95430D2641321C00D955C6 /* LaunchScreen.storyboard */,
				1D9543022641321B00D955C6 /* AppDelegate.swift */,
				1D9543042641321B00D955C6 /* SceneDelegate.swift */,
				1D9543082641321B00D955C6 /* Main.storyboard */,
			);
			path = App;
			sourceTree = "<group>";
		};
		1D95431D26413A8100D955C6 /* ViewController */ = {
			isa = PBXGroup;
			children = (
				1D55737826589F1100CBD418 /* ExerciseReferenceViewController.swift */,
				1D2643A7265A87B800B70A27 /* ExerciseCamViewController.swift */,
				1D9543062641321B00D955C6 /* SearchViewController.swift */,
				1D95431726413A5200D955C6 /* UploadViewController.swift */,
				1DC59BD026527B7500A10623 /* DetailViewController.swift */,
			);
			path = ViewController;
			sourceTree = "<group>";
		};
		1DC59BCF265278ED00A10623 /* Model */ = {
			isa = PBXGroup;
			children = (
				1D2643AB265BB16100B70A27 /* Skeleton.swift */,
				1D55736F2657E5FD00CBD418 /* Exercise.swift */,
			);
			path = Model;
			sourceTree = "<group>";
		};
		1DD452F0265266350002B545 /* Utils */ = {
			isa = PBXGroup;
			children = (
				1DD452F12652664A0002B545 /* Constants.swift */,
				1D5573742657ED2800CBD418 /* Extensions.swift */,
			);
			path = Utils;
			sourceTree = "<group>";
		};
		1DD93A5F264150F100FED9B5 /* View */ = {
			isa = PBXGroup;
			children = (
				1DD93A602641511200FED9B5 /* ExerciseCollectionViewCell.swift */,
			);
			path = View;
			sourceTree = "<group>";
		};
		796F0C37F14BC7C23A040C67 /* Pods */ = {
			isa = PBXGroup;
			children = (
				3092FF3388A999A45C04EA84 /* Pods-PoC UIKit.debug.xcconfig */,
				1DDF6422C2A1A0CF62C25EC7 /* Pods-PoC UIKit.release.xcconfig */,
			);
			path = Pods;
			sourceTree = "<group>";
		};
		BDD031C86781AD86EB86758C /* Frameworks */ = {
			isa = PBXGroup;
			children = (
				0BD75604143C1D392937F92B /* Pods_PoC_UIKit.framework */,
			);
			name = Frameworks;
			sourceTree = "<group>";
		};
/* End PBXGroup section */

/* Begin PBXNativeTarget section */
		1D9542FE2641321B00D955C6 /* PoC UIKit */ = {
			isa = PBXNativeTarget;
			buildConfigurationList = 1D9543132641321C00D955C6 /* Build configuration list for PBXNativeTarget "PoC UIKit" */;
			buildPhases = (
				6ADC3CADFA91016EA2E15841 /* [CP] Check Pods Manifest.lock */,
				1D9542FB2641321B00D955C6 /* Sources */,
				1D9542FC2641321B00D955C6 /* Frameworks */,
				1D9542FD2641321B00D955C6 /* Resources */,
				E04C34A46113749D2EAB8D13 /* [CP] Embed Pods Frameworks */,
			);
			buildRules = (
			);
			dependencies = (
			);
			name = "PoC UIKit";
			productName = "PoC UIKit";
			productReference = 1D9542FF2641321B00D955C6 /* PoC UIKit.app */;
			productType = "com.apple.product-type.application";
		};
/* End PBXNativeTarget section */

/* Begin PBXProject section */
		1D9542F72641321B00D955C6 /* Project object */ = {
			isa = PBXProject;
			attributes = {
				LastSwiftUpdateCheck = 1240;
				LastUpgradeCheck = 1240;
				TargetAttributes = {
					1D9542FE2641321B00D955C6 = {
						CreatedOnToolsVersion = 12.4;
					};
				};
			};
			buildConfigurationList = 1D9542FA2641321B00D955C6 /* Build configuration list for PBXProject "PoC UIKit" */;
			compatibilityVersion = "Xcode 9.3";
			developmentRegion = en;
			hasScannedForEncodings = 0;
			knownRegions = (
				en,
				Base,
			);
			mainGroup = 1D9542F62641321B00D955C6;
			productRefGroup = 1D9543002641321B00D955C6 /* Products */;
			projectDirPath = "";
			projectRoot = "";
			targets = (
				1D9542FE2641321B00D955C6 /* PoC UIKit */,
			);
		};
/* End PBXProject section */

/* Begin PBXResourcesBuildPhase section */
		1D9542FD2641321B00D955C6 /* Resources */ = {
			isa = PBXResourcesBuildPhase;
			buildActionMask = 2147483647;
			files = (
				1D95430F2641321C00D955C6 /* LaunchScreen.storyboard in Resources */,
				1D95430C2641321C00D955C6 /* Assets.xcassets in Resources */,
				1D95430A2641321B00D955C6 /* Main.storyboard in Resources */,
				1D55737C26590DB600CBD418 /* test.mp4 in Resources */,
			);
			runOnlyForDeploymentPostprocessing = 0;
		};
/* End PBXResourcesBuildPhase section */

/* Begin PBXShellScriptBuildPhase section */
		6ADC3CADFA91016EA2E15841 /* [CP] Check Pods Manifest.lock */ = {
			isa = PBXShellScriptBuildPhase;
			buildActionMask = 2147483647;
			files = (
			);
			inputFileListPaths = (
			);
			inputPaths = (
				"${PODS_PODFILE_DIR_PATH}/Podfile.lock",
				"${PODS_ROOT}/Manifest.lock",
			);
			name = "[CP] Check Pods Manifest.lock";
			outputFileListPaths = (
			);
			outputPaths = (
				"$(DERIVED_FILE_DIR)/Pods-PoC UIKit-checkManifestLockResult.txt",
			);
			runOnlyForDeploymentPostprocessing = 0;
			shellPath = /bin/sh;
			shellScript = "diff \"${PODS_PODFILE_DIR_PATH}/Podfile.lock\" \"${PODS_ROOT}/Manifest.lock\" > /dev/null\nif [ $? != 0 ] ; then\n    # print error to STDERR\n    echo \"error: The sandbox is not in sync with the Podfile.lock. Run 'pod install' or update your CocoaPods installation.\" >&2\n    exit 1\nfi\n# This output is used by Xcode 'outputs' to avoid re-running this script phase.\necho \"SUCCESS\" > \"${SCRIPT_OUTPUT_FILE_0}\"\n";
			showEnvVarsInLog = 0;
		};
		E04C34A46113749D2EAB8D13 /* [CP] Embed Pods Frameworks */ = {
			isa = PBXShellScriptBuildPhase;
			buildActionMask = 2147483647;
			files = (
			);
			inputFileListPaths = (
				"${PODS_ROOT}/Target Support Files/Pods-PoC UIKit/Pods-PoC UIKit-frameworks-${CONFIGURATION}-input-files.xcfilelist",
			);
			name = "[CP] Embed Pods Frameworks";
			outputFileListPaths = (
				"${PODS_ROOT}/Target Support Files/Pods-PoC UIKit/Pods-PoC UIKit-frameworks-${CONFIGURATION}-output-files.xcfilelist",
			);
			runOnlyForDeploymentPostprocessing = 0;
			shellPath = /bin/sh;
			shellScript = "\"${PODS_ROOT}/Target Support Files/Pods-PoC UIKit/Pods-PoC UIKit-frameworks.sh\"\n";
			showEnvVarsInLog = 0;
		};
/* End PBXShellScriptBuildPhase section */

/* Begin PBXSourcesBuildPhase section */
		1D9542FB2641321B00D955C6 /* Sources */ = {
			isa = PBXSourcesBuildPhase;
			buildActionMask = 2147483647;
			files = (
				1D9543072641321B00D955C6 /* SearchViewController.swift in Sources */,
				1D5573702657E5FD00CBD418 /* Exercise.swift in Sources */,
				1DD93A612641511200FED9B5 /* ExerciseCollectionViewCell.swift in Sources */,
				1D95431826413A5200D955C6 /* UploadViewController.swift in Sources */,
				1D2643A8265A87B800B70A27 /* ExerciseCamViewController.swift in Sources */,
				1D9543032641321B00D955C6 /* AppDelegate.swift in Sources */,
				1D5573752657ED2800CBD418 /* Extensions.swift in Sources */,
				1D9543052641321B00D955C6 /* SceneDelegate.swift in Sources */,
				1D2643AC265BB16100B70A27 /* Skeleton.swift in Sources */,
				1D5573732657E76400CBD418 /* SearchViewModel.swift in Sources */,
				1DD452F22652664A0002B545 /* Constants.swift in Sources */,
				1D5573772657EEC100CBD418 /* DetailViewModel.swift in Sources */,
				1D55737926589F1100CBD418 /* ExerciseReferenceViewController.swift in Sources */,
				1DC59BD126527B7500A10623 /* DetailViewController.swift in Sources */,
			);
			runOnlyForDeploymentPostprocessing = 0;
		};
/* End PBXSourcesBuildPhase section */

/* Begin PBXVariantGroup section */
		1D9543082641321B00D955C6 /* Main.storyboard */ = {
			isa = PBXVariantGroup;
			children = (
				1D9543092641321B00D955C6 /* Base */,
			);
			name = Main.storyboard;
			sourceTree = "<group>";
		};
		1D95430D2641321C00D955C6 /* LaunchScreen.storyboard */ = {
			isa = PBXVariantGroup;
			children = (
				1D95430E2641321C00D955C6 /* Base */,
			);
			name = LaunchScreen.storyboard;
			sourceTree = "<group>";
		};
/* End PBXVariantGroup section */

/* Begin XCBuildConfiguration section */
		1D9543112641321C00D955C6 /* Debug */ = {
			isa = XCBuildConfiguration;
			buildSettings = {
				ALWAYS_SEARCH_USER_PATHS = NO;
				CLANG_ANALYZER_NONNULL = YES;
				CLANG_ANALYZER_NUMBER_OBJECT_CONVERSION = YES_AGGRESSIVE;
				CLANG_CXX_LANGUAGE_STANDARD = "gnu++14";
				CLANG_CXX_LIBRARY = "libc++";
				CLANG_ENABLE_MODULES = YES;
				CLANG_ENABLE_OBJC_ARC = YES;
				CLANG_ENABLE_OBJC_WEAK = YES;
				CLANG_WARN_BLOCK_CAPTURE_AUTORELEASING = YES;
				CLANG_WARN_BOOL_CONVERSION = YES;
				CLANG_WARN_COMMA = YES;
				CLANG_WARN_CONSTANT_CONVERSION = YES;
				CLANG_WARN_DEPRECATED_OBJC_IMPLEMENTATIONS = YES;
				CLANG_WARN_DIRECT_OBJC_ISA_USAGE = YES_ERROR;
				CLANG_WARN_DOCUMENTATION_COMMENTS = YES;
				CLANG_WARN_EMPTY_BODY = YES;
				CLANG_WARN_ENUM_CONVERSION = YES;
				CLANG_WARN_INFINITE_RECURSION = YES;
				CLANG_WARN_INT_CONVERSION = YES;
				CLANG_WARN_NON_LITERAL_NULL_CONVERSION = YES;
				CLANG_WARN_OBJC_IMPLICIT_RETAIN_SELF = YES;
				CLANG_WARN_OBJC_LITERAL_CONVERSION = YES;
				CLANG_WARN_OBJC_ROOT_CLASS = YES_ERROR;
				CLANG_WARN_QUOTED_INCLUDE_IN_FRAMEWORK_HEADER = YES;
				CLANG_WARN_RANGE_LOOP_ANALYSIS = YES;
				CLANG_WARN_STRICT_PROTOTYPES = YES;
				CLANG_WARN_SUSPICIOUS_MOVE = YES;
				CLANG_WARN_UNGUARDED_AVAILABILITY = YES_AGGRESSIVE;
				CLANG_WARN_UNREACHABLE_CODE = YES;
				CLANG_WARN__DUPLICATE_METHOD_MATCH = YES;
				COPY_PHASE_STRIP = NO;
				DEBUG_INFORMATION_FORMAT = dwarf;
				ENABLE_STRICT_OBJC_MSGSEND = YES;
				ENABLE_TESTABILITY = YES;
				GCC_C_LANGUAGE_STANDARD = gnu11;
				GCC_DYNAMIC_NO_PIC = NO;
				GCC_NO_COMMON_BLOCKS = YES;
				GCC_OPTIMIZATION_LEVEL = 0;
				GCC_PREPROCESSOR_DEFINITIONS = (
					"DEBUG=1",
					"$(inherited)",
				);
				GCC_WARN_64_TO_32_BIT_CONVERSION = YES;
				GCC_WARN_ABOUT_RETURN_TYPE = YES_ERROR;
				GCC_WARN_UNDECLARED_SELECTOR = YES;
				GCC_WARN_UNINITIALIZED_AUTOS = YES_AGGRESSIVE;
				GCC_WARN_UNUSED_FUNCTION = YES;
				GCC_WARN_UNUSED_VARIABLE = YES;
				IPHONEOS_DEPLOYMENT_TARGET = 14.4;
				MTL_ENABLE_DEBUG_INFO = INCLUDE_SOURCE;
				MTL_FAST_MATH = YES;
				ONLY_ACTIVE_ARCH = YES;
				SDKROOT = iphoneos;
				SWIFT_ACTIVE_COMPILATION_CONDITIONS = DEBUG;
				SWIFT_OPTIMIZATION_LEVEL = "-Onone";
			};
			name = Debug;
		};
		1D9543122641321C00D955C6 /* Release */ = {
			isa = XCBuildConfiguration;
			buildSettings = {
				ALWAYS_SEARCH_USER_PATHS = NO;
				CLANG_ANALYZER_NONNULL = YES;
				CLANG_ANALYZER_NUMBER_OBJECT_CONVERSION = YES_AGGRESSIVE;
				CLANG_CXX_LANGUAGE_STANDARD = "gnu++14";
				CLANG_CXX_LIBRARY = "libc++";
				CLANG_ENABLE_MODULES = YES;
				CLANG_ENABLE_OBJC_ARC = YES;
				CLANG_ENABLE_OBJC_WEAK = YES;
				CLANG_WARN_BLOCK_CAPTURE_AUTORELEASING = YES;
				CLANG_WARN_BOOL_CONVERSION = YES;
				CLANG_WARN_COMMA = YES;
				CLANG_WARN_CONSTANT_CONVERSION = YES;
				CLANG_WARN_DEPRECATED_OBJC_IMPLEMENTATIONS = YES;
				CLANG_WARN_DIRECT_OBJC_ISA_USAGE = YES_ERROR;
				CLANG_WARN_DOCUMENTATION_COMMENTS = YES;
				CLANG_WARN_EMPTY_BODY = YES;
				CLANG_WARN_ENUM_CONVERSION = YES;
				CLANG_WARN_INFINITE_RECURSION = YES;
				CLANG_WARN_INT_CONVERSION = YES;
				CLANG_WARN_NON_LITERAL_NULL_CONVERSION = YES;
				CLANG_WARN_OBJC_IMPLICIT_RETAIN_SELF = YES;
				CLANG_WARN_OBJC_LITERAL_CONVERSION = YES;
				CLANG_WARN_OBJC_ROOT_CLASS = YES_ERROR;
				CLANG_WARN_QUOTED_INCLUDE_IN_FRAMEWORK_HEADER = YES;
				CLANG_WARN_RANGE_LOOP_ANALYSIS = YES;
				CLANG_WARN_STRICT_PROTOTYPES = YES;
				CLANG_WARN_SUSPICIOUS_MOVE = YES;
				CLANG_WARN_UNGUARDED_AVAILABILITY = YES_AGGRESSIVE;
				CLANG_WARN_UNREACHABLE_CODE = YES;
				CLANG_WARN__DUPLICATE_METHOD_MATCH = YES;
				COPY_PHASE_STRIP = NO;
				DEBUG_INFORMATION_FORMAT = "dwarf-with-dsym";
				ENABLE_NS_ASSERTIONS = NO;
				ENABLE_STRICT_OBJC_MSGSEND = YES;
				GCC_C_LANGUAGE_STANDARD = gnu11;
				GCC_NO_COMMON_BLOCKS = YES;
				GCC_WARN_64_TO_32_BIT_CONVERSION = YES;
				GCC_WARN_ABOUT_RETURN_TYPE = YES_ERROR;
				GCC_WARN_UNDECLARED_SELECTOR = YES;
				GCC_WARN_UNINITIALIZED_AUTOS = YES_AGGRESSIVE;
				GCC_WARN_UNUSED_FUNCTION = YES;
				GCC_WARN_UNUSED_VARIABLE = YES;
				IPHONEOS_DEPLOYMENT_TARGET = 14.4;
				MTL_ENABLE_DEBUG_INFO = NO;
				MTL_FAST_MATH = YES;
				SDKROOT = iphoneos;
				SWIFT_COMPILATION_MODE = wholemodule;
				SWIFT_OPTIMIZATION_LEVEL = "-O";
				VALIDATE_PRODUCT = YES;
			};
			name = Release;
		};
		1D9543142641321C00D955C6 /* Debug */ = {
			isa = XCBuildConfiguration;
			baseConfigurationReference = 3092FF3388A999A45C04EA84 /* Pods-PoC UIKit.debug.xcconfig */;
			buildSettings = {
				ASSETCATALOG_COMPILER_APPICON_NAME = AppIcon;
				ASSETCATALOG_COMPILER_GLOBAL_ACCENT_COLOR_NAME = AccentColor;
				CODE_SIGN_ENTITLEMENTS = "PoC UIKit/PoC UIKit.entitlements";
				CODE_SIGN_STYLE = Automatic;
				DEVELOPMENT_TEAM = 5HZQ3M82FA;
				INFOPLIST_FILE = "PoC UIKit/Info.plist";
				LD_RUNPATH_SEARCH_PATHS = (
					"$(inherited)",
					"@executable_path/Frameworks",
				);
				PRODUCT_BUNDLE_IDENTIFIER = "Seunghun.PoC-UIKit";
				PRODUCT_NAME = "$(TARGET_NAME)";
				SUPPORTS_MACCATALYST = YES;
				SWIFT_VERSION = 5.0;
				TARGETED_DEVICE_FAMILY = "1,2";
			};
			name = Debug;
		};
		1D9543152641321C00D955C6 /* Release */ = {
			isa = XCBuildConfiguration;
			baseConfigurationReference = 1DDF6422C2A1A0CF62C25EC7 /* Pods-PoC UIKit.release.xcconfig */;
			buildSettings = {
				ASSETCATALOG_COMPILER_APPICON_NAME = AppIcon;
				ASSETCATALOG_COMPILER_GLOBAL_ACCENT_COLOR_NAME = AccentColor;
				CODE_SIGN_ENTITLEMENTS = "PoC UIKit/PoC UIKit.entitlements";
				CODE_SIGN_STYLE = Automatic;
				DEVELOPMENT_TEAM = 5HZQ3M82FA;
				INFOPLIST_FILE = "PoC UIKit/Info.plist";
				LD_RUNPATH_SEARCH_PATHS = (
					"$(inherited)",
					"@executable_path/Frameworks",
				);
				PRODUCT_BUNDLE_IDENTIFIER = "Seunghun.PoC-UIKit";
				PRODUCT_NAME = "$(TARGET_NAME)";
				SUPPORTS_MACCATALYST = YES;
				SWIFT_VERSION = 5.0;
				TARGETED_DEVICE_FAMILY = "1,2";
			};
			name = Release;
		};
/* End XCBuildConfiguration section */

/* Begin XCConfigurationList section */
		1D9542FA2641321B00D955C6 /* Build configuration list for PBXProject "PoC UIKit" */ = {
			isa = XCConfigurationList;
			buildConfigurations = (
				1D9543112641321C00D955C6 /* Debug */,
				1D9543122641321C00D955C6 /* Release */,
			);
			defaultConfigurationIsVisible = 0;
			defaultConfigurationName = Release;
		};
		1D9543132641321C00D955C6 /* Build configuration list for PBXNativeTarget "PoC UIKit" */ = {
			isa = XCConfigurationList;
			buildConfigurations = (
				1D9543142641321C00D955C6 /* Debug */,
				1D9543152641321C00D955C6 /* Release */,
			);
			defaultConfigurationIsVisible = 0;
			defaultConfigurationName = Release;
		};
/* End XCConfigurationList section */
	};
	rootObject = 1D9542F72641321B00D955C6 /* Project object */;
}
